
Microsoft Visual Studio Solution File, Format Version 12.00
# Visual Studio Version 17
VisualStudioVersion = 17.9.34728.123
MinimumVisualStudioVersion = 10.0.40219.1
Project("{9A19103F-16F7-4668-BE54-9A1E7A4F7556}") = "PokerThursdayTest", "PokerThursdayTest\PokerThursdayTest.csproj", "{8C952DDC-DEB8-47AF-AE44-DB8A9B2C1B94}"
EndProject
Project("{2150E333-8FDC-42A3-9474-1A3956D46DE8}") = "Éléments de solution", "Éléments de solution", "{4FBEFDBE-66B6-470F-BBD4-AF5429F29B5F}"
	ProjectSection(SolutionItems) = preProject
		dotnet-tools.json = dotnet-tools.json
		README.md = README.md
	EndProjectSection
EndProject
Project("{9A19103F-16F7-4668-BE54-9A1E7A4F7556}") = "PokerThursday", "PokerThursday\PokerThursday.csproj", "{14CB99D3-A3E3-4345-85A6-F4128018FD60}"
EndProject
Project("{FAE04EC0-301F-11D3-BF4B-00C04F79EFBC}") = "PokerThursdayBlazorApp", "PokerThursdayBlazorApp\PokerThursdayBlazorApp.csproj", "{0472F095-0268-49DB-A55D-6FCECCA1FD3F}"
EndProject
Global
	GlobalSection(SolutionConfigurationPlatforms) = preSolution
		Debug|Any CPU = Debug|Any CPU
		Release|Any CPU = Release|Any CPU
	EndGlobalSection
	GlobalSection(ProjectConfigurationPlatforms) = postSolution
		{8C952DDC-DEB8-47AF-AE44-DB8A9B2C1B94}.Debug|Any CPU.ActiveCfg = Debug|Any CPU
		{8C952DDC-DEB8-47AF-AE44-DB8A9B2C1B94}.Debug|Any CPU.Build.0 = Debug|Any CPU
		{8C952DDC-DEB8-47AF-AE44-DB8A9B2C1B94}.Release|Any CPU.ActiveCfg = Release|Any CPU
		{8C952DDC-DEB8-47AF-AE44-DB8A9B2C1B94}.Release|Any CPU.Build.0 = Release|Any CPU
		{14CB99D3-A3E3-4345-85A6-F4128018FD60}.Debug|Any CPU.ActiveCfg = Debug|Any CPU
		{14CB99D3-A3E3-4345-85A6-F4128018FD60}.Debug|Any CPU.Build.0 = Debug|Any CPU
		{14CB99D3-A3E3-4345-85A6-F4128018FD60}.Release|Any CPU.ActiveCfg = Release|Any CPU
		{14CB99D3-A3E3-4345-85A6-F4128018FD60}.Release|Any CPU.Build.0 = Release|Any CPU
		{0472F095-0268-49DB-A55D-6FCECCA1FD3F}.Debug|Any CPU.ActiveCfg = Debug|Any CPU
		{0472F095-0268-49DB-A55D-6FCECCA1FD3F}.Debug|Any CPU.Build.0 = Debug|Any CPU
		{0472F095-0268-49DB-A55D-6FCECCA1FD3F}.Release|Any CPU.ActiveCfg = Release|Any CPU
		{0472F095-0268-49DB-A55D-6FCECCA1FD3F}.Release|Any CPU.Build.0 = Release|Any CPU
	EndGlobalSection
	GlobalSection(SolutionProperties) = preSolution
		HideSolutionNode = FALSE
	EndGlobalSection
	GlobalSection(ExtensibilityGlobals) = postSolution
		SolutionGuid = {4625A7E1-5DF3-46F8-BEFD-166CC638491B}
	EndGlobalSection
EndGlobal
